{
  "name": "hack-knight",
  "lockfileVersion": 3,
  "requires": true,
  "packages": {
    "": {
      "dependencies": {
        "@supabase/auth-helpers-nextjs": "^0.10.0",
        "@supabase/ssr": "^0.7.0"
      }
    },
    "node_modules/@supabase/auth-helpers-nextjs": {
      "version": "0.10.0",
      "resolved": "https://registry.npmjs.org/@supabase/auth-helpers-nextjs/-/auth-helpers-nextjs-0.10.0.tgz",
      "integrity": "sha512-2dfOGsM4yZt0oS4TPiE7bD4vf7EVz7NRz/IJrV6vLg0GP7sMUx8wndv2euLGq4BjN9lUCpu6DG/uCC8j+ylwPg==",
      "deprecated": "This package is now deprecated - please use the @supabase/ssr package instead.",
      "license": "MIT",
      "dependencies": {
        "@supabase/auth-helpers-shared": "0.7.0",
        "set-cookie-parser": "^2.6.0"
      },
      "peerDependencies": {
        "@supabase/supabase-js": "^2.39.8"
      }
    },
    "node_modules/@supabase/auth-helpers-shared": {
      "version": "0.7.0",
      "resolved": "https://registry.npmjs.org/@supabase/auth-helpers-shared/-/auth-helpers-shared-0.7.0.tgz",
      "integrity": "sha512-FBFf2ei2R7QC+B/5wWkthMha8Ca2bWHAndN+syfuEUUfufv4mLcAgBCcgNg5nJR8L0gZfyuaxgubtOc9aW3Cpg==",
      "deprecated": "This package is now deprecated - please use the @supabase/ssr package instead.",
      "license": "MIT",
      "dependencies": {
        "jose": "^4.14.4"
      },
      "peerDependencies": {
        "@supabase/supabase-js": "^2.39.8"
      }
    },
    "node_modules/@supabase/auth-js": {
      "version": "2.75.1",
      "resolved": "https://registry.npmjs.org/@supabase/auth-js/-/auth-js-2.75.1.tgz",
      "integrity": "sha512-zktlxtXstQuVys/egDpVsargD9hQtG20CMdtn+mMn7d2Ulkzy2tgUT5FUtpppvCJtd9CkhPHO/73rvi5W6Am5A==",
      "license": "MIT",
      "peer": true,
      "dependencies": {
        "@supabase/node-fetch": "2.6.15"
      }
    },
    "node_modules/@supabase/functions-js": {
      "version": "2.75.1",
      "resolved": "https://registry.npmjs.org/@supabase/functions-js/-/functions-js-2.75.1.tgz",
      "integrity": "sha512-xO+01SUcwVmmo67J7Htxq8FmhkYLFdWkxfR/taxBOI36wACEUNQZmroXGPl4PkpYxBO7TaDsRHYGxUpv9zTKkg==",
      "license": "MIT",
      "peer": true,
      "dependencies": {
        "@supabase/node-fetch": "2.6.15"
      }
    },
    "node_modules/@supabase/node-fetch": {
      "version": "2.6.15",
      "resolved": "https://registry.npmjs.org/@supabase/node-fetch/-/node-fetch-2.6.15.tgz",
      "integrity": "sha512-1ibVeYUacxWYi9i0cf5efil6adJ9WRyZBLivgjs+AUpewx1F3xPi7gLgaASI2SmIQxPoCEjAsLAzKPgMJVgOUQ==",
      "license": "MIT",
      "peer": true,
      "dependencies": {
        "whatwg-url": "^5.0.0"
      },
      "engines": {
        "node": "4.x || >=6.0.0"
      }
    },
    "node_modules/@supabase/postgrest-js": {
      "version": "2.75.1",
      "resolved": "https://registry.npmjs.org/@supabase/postgrest-js/-/postgrest-js-2.75.1.tgz",
      "integrity": "sha512-FiYBD0MaKqGW8eo4Xqu7/100Xm3ddgh+3qHtqS18yQRoglJTFRQCJzY1xkrGS0JFHE2YnbjL6XCiOBXiG8DK4Q==",
      "license": "MIT",
      "peer": true,
      "dependencies": {
        "@supabase/node-fetch": "2.6.15"
      }
    },
    "node_modules/@supabase/realtime-js": {
      "version": "2.75.1",
      "resolved": "https://registry.npmjs.org/@supabase/realtime-js/-/realtime-js-2.75.1.tgz",
      "integrity": "sha512-lBIJ855bUsBFScHA/AY+lxIFkubduUvmwbagbP1hq0wDBNAsYdg3ql80w8YmtXCDjkCwlE96SZqcFn7BGKKJKQ==",
      "license": "MIT",
      "peer": true,
      "dependencies": {
        "@supabase/node-fetch": "2.6.15",
        "@types/phoenix": "^1.6.6",
        "@types/ws": "^8.18.1",
        "ws": "^8.18.2"
      }
    },
    "node_modules/@supabase/ssr": {
      "version": "0.7.0",
      "resolved": "https://registry.npmjs.org/@supabase/ssr/-/ssr-0.7.0.tgz",
      "integrity": "sha512-G65t5EhLSJ5c8hTCcXifSL9Q/ZRXvqgXeNo+d3P56f4U1IxwTqjB64UfmfixvmMcjuxnq2yGqEWVJqUcO+AzAg==",
      "license": "MIT",
      "dependencies": {
        "cookie": "^1.0.2"
      },
      "peerDependencies": {
        "@supabase/supabase-js": "^2.43.4"
      }
    },
    "node_modules/@supabase/storage-js": {
      "version": "2.75.1",
      "resolved": "https://registry.npmjs.org/@supabase/storage-js/-/storage-js-2.75.1.tgz",
      "integrity": "sha512-WdGEhroflt5O398Yg3dpf1uKZZ6N3CGloY9iGsdT873uWbkQKoP0wG8mtx98dh0fhj6dAlzBqOAvnlV12cJfzA==",
      "license": "MIT",
      "peer": true,
      "dependencies": {
        "@supabase/node-fetch": "2.6.15"
      }
    },
    "node_modules/@supabase/supabase-js": {
      "version": "2.75.1",
      "resolved": "https://registry.npmjs.org/@supabase/supabase-js/-/supabase-js-2.75.1.tgz",
      "integrity": "sha512-GEPVBvjQimcMd9z5K1eTKTixTRb6oVbudoLQ9JKqTUJnR6GQdBU4OifFZean1AnHfsQwtri1fop2OWwsMv019w==",
      "license": "MIT",
      "peer": true,
      "dependencies": {
        "@supabase/auth-js": "2.75.1",
        "@supabase/functions-js": "2.75.1",
        "@supabase/node-fetch": "2.6.15",
        "@supabase/postgrest-js": "2.75.1",
        "@supabase/realtime-js": "2.75.1",
        "@supabase/storage-js": "2.75.1"
      }
    },
    "node_modules/@types/node": {
      "version": "24.8.1",
      "resolved": "https://registry.npmjs.org/@types/node/-/node-24.8.1.tgz",
      "integrity": "sha512-alv65KGRadQVfVcG69MuB4IzdYVpRwMG/mq8KWOaoOdyY617P5ivaDiMCGOFDWD2sAn5Q0mR3mRtUOgm99hL9Q==",
      "license": "MIT",
      "peer": true,
      "dependencies": {
        "undici-types": "~7.14.0"
      }
    },
    "node_modules/@types/phoenix": {
      "version": "1.6.6",
      "resolved": "https://registry.npmjs.org/@types/phoenix/-/phoenix-1.6.6.tgz",
      "integrity": "sha512-PIzZZlEppgrpoT2QgbnDU+MMzuR6BbCjllj0bM70lWoejMeNJAxCchxnv7J3XFkI8MpygtRpzXrIlmWUBclP5A==",
      "license": "MIT",
      "peer": true
    },
    "node_modules/@types/ws": {
      "version": "8.18.1",
      "resolved": "https://registry.npmjs.org/@types/ws/-/ws-8.18.1.tgz",
      "integrity": "sha512-ThVF6DCVhA8kUGy+aazFQ4kXQ7E1Ty7A3ypFOe0IcJV8O/M511G99AW24irKrW56Wt44yG9+ij8FaqoBGkuBXg==",
      "license": "MIT",
      "peer": true,
      "dependencies": {
        "@types/node": "*"
      }
    },
    "node_modules/cookie": {
      "version": "1.0.2",
      "resolved": "https://registry.npmjs.org/cookie/-/cookie-1.0.2.tgz",
      "integrity": "sha512-9Kr/j4O16ISv8zBBhJoi4bXOYNTkFLOqSL3UDB0njXxCXNezjeyVrJyGOWtgfs/q2km1gwBcfH8q1yEGoMYunA==",
      "license": "MIT",
      "engines": {
        "node": ">=18"
      }
    },
    "node_modules/jose": {
      "version": "4.15.9",
      "resolved": "https://registry.npmjs.org/jose/-/jose-4.15.9.tgz",
      "integrity": "sha512-1vUQX+IdDMVPj4k8kOxgUqlcK518yluMuGZwqlr44FS1ppZB/5GWh4rZG89erpOBOJjU/OBsnCVFfapsRz6nEA==",
      "license": "MIT",
      "funding": {
        "url": "https://github.com/sponsors/panva"
      }
    },
    "node_modules/set-cookie-parser": {
      "version": "2.7.1",
      "resolved": "https://registry.npmjs.org/set-cookie-parser/-/set-cookie-parser-2.7.1.tgz",
      "integrity": "sha512-IOc8uWeOZgnb3ptbCURJWNjWUPcO3ZnTTdzsurqERrP6nPyv+paC55vJM0LpOlT2ne+Ix+9+CRG1MNLlyZ4GjQ==",
      "license": "MIT"
    },
    "node_modules/tr46": {
      "version": "0.0.3",
      "resolved": "https://registry.npmjs.org/tr46/-/tr46-0.0.3.tgz",
      "integrity": "sha512-N3WMsuqV66lT30CrXNbEjx4GEwlow3v6rr4mCcv6prnfwhS01rkgyFdjPNBYd9br7LpXV1+Emh01fHnq2Gdgrw==",
      "license": "MIT",
      "peer": true
    },
    "node_modules/undici-types": {
      "version": "7.14.0",
      "resolved": "https://registry.npmjs.org/undici-types/-/undici-types-7.14.0.tgz",
      "integrity": "sha512-QQiYxHuyZ9gQUIrmPo3IA+hUl4KYk8uSA7cHrcKd/l3p1OTpZcM0Tbp9x7FAtXdAYhlasd60ncPpgu6ihG6TOA==",
      "license": "MIT",
      "peer": true
    },
    "node_modules/webidl-conversions": {
      "version": "3.0.1",
      "resolved": "https://registry.npmjs.org/webidl-conversions/-/webidl-conversions-3.0.1.tgz",
      "integrity": "sha512-2JAn3z8AR6rjK8Sm8orRC0h/bcl/DqL7tRPdGZ4I1CjdF+EaMLmYxBHyXuKL849eucPFhvBoxMsflfOb8kxaeQ==",
      "license": "BSD-2-Clause",
      "peer": true
    },
    "node_modules/whatwg-url": {
      "version": "5.0.0",
      "resolved": "https://registry.npmjs.org/whatwg-url/-/whatwg-url-5.0.0.tgz",
      "integrity": "sha512-saE57nupxk6v3HY35+jzBwYa0rKSy0XR8JSxZPwgLr7ys0IBzhGviA1/TUGJLmSVqs8pb9AnvICXEuOHLprYTw==",
      "license": "MIT",
      "peer": true,
      "dependencies": {
        "tr46": "~0.0.3",
        "webidl-conversions": "^3.0.0"
      }
    },
    "node_modules/ws": {
      "version": "8.18.3",
      "resolved": "https://registry.npmjs.org/ws/-/ws-8.18.3.tgz",
      "integrity": "sha512-PEIGCY5tSlUt50cqyMXfCzX+oOPqN0vuGqWzbcJ2xvnkzkq46oOpz7dQaTDBdfICb4N14+GARUDw2XV2N4tvzg==",
      "license": "MIT",
      "peer": true,
      "engines": {
        "node": ">=10.0.0"
      },
      "peerDependencies": {
        "bufferutil": "^4.0.1",
        "utf-8-validate": ">=5.0.2"
      },
      "peerDependenciesMeta": {
        "bufferutil": {
          "optional": true
        },
        "utf-8-validate": {
          "optional": true
        }
      }
    }
  }
}
